
Microsoft Visual Studio Solution File, Format Version 12.00
# Visual Studio Version 16
VisualStudioVersion = 16.0.30907.101
MinimumVisualStudioVersion = 10.0.40219.1
Project("{888888A0-9F3D-457C-B088-3A5042F75D52}") = "BasicProject", "BasicProject.pyproj", "{A2254F90-2A5C-49D3-BF47-6F12CAAE895A}"
EndProject
Global
	GlobalSection(SolutionConfigurationPlatforms) = preSolution
		Debug|Any CPU = Debug|Any CPU
		Release|Any CPU = Release|Any CPU
	EndGlobalSection
	GlobalSection(ProjectConfigurationPlatforms) = postSolution
		{A2254F90-2A5C-49D3-BF47-6F12CAAE895A}.Debug|Any CPU.ActiveCfg = Debug|Any CPU
		{A2254F90-2A5C-49D3-BF47-6F12CAAE895A}.Debug|Any CPU.Build.0 = Debug|Any CPU
		{A2254F90-2A5C-49D3-BF47-6F12CAAE895A}.Release|Any CPU.ActiveCfg = Release|Any CPU
		{A2254F90-2A5C-49D3-BF47-6F12CAAE895A}.Release|Any CPU.Build.0 = Release|Any CPU
	EndGlobalSection
	GlobalSection(SolutionProperties) = preSolution
		HideSolutionNode = FALSE
	EndGlobalSection
	GlobalSection(ExtensibilityGlobals) = postSolution
		SolutionGuid = {75B25F8E-72D7-477C-996D-9DBDF963E495}
	EndGlobalSection
EndGlobal
